{
  "version": 4,
  "terraform_version": "1.13.2",
  "serial": 60,
  "lineage": "b27dc51b-6386-7dcd-f0b0-ec315477b837",
  "outputs": {
    "alb_controller_role": {
      "value": "arn:aws:iam::292195077353:role/apps-crud-bank-prod-alb-controller-role",
      "type": "string"
    },
    "app_sa_role_arn": {
      "value": "arn:aws:iam::292195077353:role/apps-crud-bank-prod-app-sa-role",
      "type": "string"
    },
    "cluster_name": {
      "value": "apps-crud-bank-prod-cluster",
      "type": "string"
    },
    "db_endpoint": {
      "value": "apps-crud-bank-prod-db.cxgmms600igq.ap-southeast-1.rds.amazonaws.com",
      "type": "string"
    },
    "db_secret_name": {
      "value": "apps-crud-bank-prod/db",
      "type": "string"
    },
    "ecr_repo_url": {
      "value": "292195077353.dkr.ecr.ap-southeast-1.amazonaws.com/apps-crud-bank-prod-repo",
      "type": "string"
    },
    "region": {
      "value": "ap-southeast-1",
      "type": "string"
    },
    "subnets_private": {
      "value": [
        "subnet-0c27e973beb83e29d",
        "subnet-0853c922f0fc1456f"
      ],
      "type": [
        "tuple",
        [
          "string",
          "string"
        ]
      ]
    },
    "subnets_public": {
      "value": [
        "subnet-0e7acdaf88857025b",
        "subnet-047614e320c603676"
      ],
      "type": [
        "tuple",
        [
          "string",
          "string"
        ]
      ]
    },
    "vpc_id": {
      "value": "vpc-0271f9e41e7381c0d",
      "type": "string"
    }
  },
  "resources": [
    {
      "mode": "data",
      "type": "aws_availability_zones",
      "name": "available",
      "provider": "provider[\"registry.terraform.io/hashicorp/aws\"]",
      "instances": [
        {
          "schema_version": 0,
          "attributes": {
            "all_availability_zones": null,
            "exclude_names": null,
            "exclude_zone_ids": null,
            "filter": null,
            "group_names": [
              "ap-southeast-1-zg-1"
            ],
            "id": "ap-southeast-1",
            "names": [
              "ap-southeast-1a",
              "ap-southeast-1b",
              "ap-southeast-1c"
            ],
            "state": null,
            "timeouts": null,
            "zone_ids": [
              "apse1-az2",
              "apse1-az1",
              "apse1-az3"
            ]
          },
          "sensitive_attributes": [],
          "identity_schema_version": 0
        }
      ]
    },
    {
      "mode": "data",
      "type": "aws_eks_cluster",
      "name": "this",
      "provider": "provider[\"registry.terraform.io/hashicorp/aws\"]",
      "instances": [
        {
          "schema_version": 0,
          "attributes": {
            "access_config": [
              {
                "authentication_mode": "CONFIG_MAP",
                "bootstrap_cluster_creator_admin_permissions": true
              }
            ],
            "arn": "arn:aws:eks:ap-southeast-1:292195077353:cluster/apps-crud-bank-prod-cluster",
            "certificate_authority": [
              {
                "data": "LS0tLS1CRUdJTiBDRVJUSUZJQ0FURS0tLS0tCk1JSURCVENDQWUyZ0F3SUJBZ0lJVGhQWVZLYkZLM0F3RFFZSktvWklodmNOQVFFTEJRQXdGVEVUTUJFR0ExVUUKQXhNS2EzVmlaWEp1WlhSbGN6QWVGdzB5TlRBNU1UTXdOakkwTWpWYUZ3MHpOVEE1TVRFd05qSTVNalZhTUJVeApFekFSQmdOVkJBTVRDbXQxWW1WeWJtVjBaWE13Z2dFaU1BMEdDU3FHU0liM0RRRUJBUVVBQTRJQkR3QXdnZ0VLCkFvSUJBUUM0RUtwQk84aTdyNDNVdEpReEtVSUpaSFlnTmJ4Y01OV3hkaEFjOEp3TVB3aDY2cU8vUG9aQmxzcmoKOEtpVEx2UGRYUWhvYjQrUGptSkJaWWpsSDJXNVdvcks1K1haSFZaTWZ1MVVrYkdEcHlOMWp5Y0xuRWYzNmJOcQpYUXJoNjVIZ1VwWUNHcWMweVB0MGRsSzdJdFRlZHJ4SzVlUHpuMW5yWEFPcXV1d2NXSkFmSEh2SC84RnoxbXRZCmJmQnA5MFZMcGZwYlFvbUFVRkdaN2hya1VCdldESDJNSHpRV204NmUxeTc0WjNhc0ZwdzhZQWhDZXlKRmM3RjQKWjZHS0VMdGw5SUJIWlJPQ21iOFVDL2xXK25MY2NadmN0RzFydzdKZ0wzZzZ1aWZ0ekp5L2NDNzhPWUdmYllvNgorYkcwL3h5ZVNjbzdMQUdDYlVRKzBTdGYzaGR4QWdNQkFBR2pXVEJYTUE0R0ExVWREd0VCL3dRRUF3SUNwREFQCkJnTlZIUk1CQWY4RUJUQURBUUgvTUIwR0ExVWREZ1FXQkJTN2pacHFqeGJpQUpWUFk1YUdOdms2MmFTU1FUQVYKQmdOVkhSRUVEakFNZ2dwcmRXSmxjbTVsZEdWek1BMEdDU3FHU0liM0RRRUJDd1VBQTRJQkFRQnJDNXF4VVRWWQpmU25MQktjV3gvYXd1blFPRGRvN21NRUZEUXVxNTJISE9FUU45dDR6U2tQbStweDUrRnF2VlFGa0VJTmlYcUYvCnRIZXErOUl0K2RzeWdwcjJFSXg0WGZBZVlLTlVEVjJRODR6NUR3aEtyVmtDWWZYYXQwODBCRXg3Yjg2azZmRisKc081UHpqNE5vVnVMWkt1Z1ljbVJLYkF5R096bGVsSkdhUnBlNzlaNVdoTy9KWlA5NWU4U01kakJvbmMyWHE0WQowYm5MYWJTMlJXL2NBT1o3RkU2eWJ5OHhQbmQzSlFSWnVkS3ZPZ0dvaytCQXFOSU8wVUdZdzFzV1VscnhKNzFhCnhiaTAxbGZWNkp6TklFQ3lwbkQveXdsUTdRaVdVTk8xVUtjdmpHU1VDMy9RVVlJMm5PZ1JCblJ0YnpINVNBNHEKLzZVOVVpVVJFS1I1Ci0tLS0tRU5EIENFUlRJRklDQVRFLS0tLS0K"
              }
            ],
            "cluster_id": null,
            "compute_config": [],
            "created_at": "2025-09-13T06:23:50Z",
            "enabled_cluster_log_types": [
              "api",
              "audit",
              "authenticator",
              "controllerManager",
              "scheduler"
            ],
            "endpoint": "https://A03A214CE31BBCEEB739A56D3F0C4A88.gr7.ap-southeast-1.eks.amazonaws.com",
            "id": "apps-crud-bank-prod-cluster",
            "identity": [
              {
                "oidc": [
                  {
                    "issuer": "https://oidc.eks.ap-southeast-1.amazonaws.com/id/A03A214CE31BBCEEB739A56D3F0C4A88"
                  }
                ]
              }
            ],
            "kubernetes_network_config": [
              {
                "elastic_load_balancing": [
                  {
                    "enabled": false
                  }
                ],
                "ip_family": "ipv4",
                "service_ipv4_cidr": "172.20.0.0/16",
                "service_ipv6_cidr": ""
              }
            ],
            "name": "apps-crud-bank-prod-cluster",
            "outpost_config": [],
            "platform_version": "eks.47",
            "remote_network_config": [],
            "role_arn": "arn:aws:iam::292195077353:role/apps-crud-bank-prod-eks-cluster-role",
            "status": "ACTIVE",
            "storage_config": [],
            "tags": {
              "Env": "prod",
              "Project": "apps-crud-bank"
            },
            "upgrade_policy": [
              {
                "support_type": "EXTENDED"
              }
            ],
            "version": "1.29",
            "vpc_config": [
              {
                "cluster_security_group_id": "sg-0bfcc0f235e0612c7",
                "endpoint_private_access": true,
                "endpoint_public_access": true,
                "public_access_cidrs": [
                  "0.0.0.0/0"
                ],
                "security_group_ids": [],
                "subnet_ids": [
                  "subnet-047614e320c603676",
                  "subnet-0853c922f0fc1456f",
                  "subnet-0c27e973beb83e29d",
                  "subnet-0e7acdaf88857025b"
                ],
                "vpc_id": "vpc-0271f9e41e7381c0d"
              }
            ],
            "zonal_shift_config": []
          },
          "sensitive_attributes": [],
          "identity_schema_version": 0
        }
      ]
    },
    {
      "mode": "data",
      "type": "aws_eks_cluster_auth",
      "name": "this",
      "provider": "provider[\"registry.terraform.io/hashicorp/aws\"]",
      "instances": [
        {
          "schema_version": 0,
          "attributes": {
            "id": "apps-crud-bank-prod-cluster",
            "name": "apps-crud-bank-prod-cluster",
            "token": "k8s-aws-v1.aHR0cHM6Ly9zdHMuYXAtc291dGhlYXN0LTEuYW1hem9uYXdzLmNvbS8_QWN0aW9uPUdldENhbGxlcklkZW50aXR5JlZlcnNpb249MjAxMS0wNi0xNSZYLUFtei1BbGdvcml0aG09QVdTNC1ITUFDLVNIQTI1NiZYLUFtei1DcmVkZW50aWFsPUFLSUFVSUNCUEJUVVpOUlBKMkU1JTJGMjAyNTA5MTMlMkZhcC1zb3V0aGVhc3QtMSUyRnN0cyUyRmF3czRfcmVxdWVzdCZYLUFtei1EYXRlPTIwMjUwOTEzVDE1NTM0OVomWC1BbXotRXhwaXJlcz0wJlgtQW16LVNpZ25lZEhlYWRlcnM9aG9zdCUzQngtazhzLWF3cy1pZCZYLUFtei1TaWduYXR1cmU9YjdkZjhiYTc5MzM2YWMwNDEzMzJlMTk0ZDcwNDZhNTQxOTk4ZTc2M2ZkMTJiZGJlZmVkMGE2YmEzNDY2MDQzMA"
          },
          "sensitive_attributes": [
            [
              {
                "type": "get_attr",
                "value": "token"
              }
            ]
          ],
          "identity_schema_version": 0
        }
      ]
    },
    {
      "mode": "data",
      "type": "aws_iam_policy_document",
      "name": "alb_sa_assume",
      "provider": "provider[\"registry.terraform.io/hashicorp/aws\"]",
      "instances": [
        {
          "schema_version": 0,
          "attributes": {
            "id": "700449766",
            "json": "{\n  \"Version\": \"2012-10-17\",\n  \"Statement\": [\n    {\n      \"Effect\": \"Allow\",\n      \"Action\": \"sts:AssumeRoleWithWebIdentity\",\n      \"Principal\": {\n        \"Federated\": \"arn:aws:iam::292195077353:oidc-provider/oidc.eks.ap-southeast-1.amazonaws.com/id/A03A214CE31BBCEEB739A56D3F0C4A88\"\n      },\n      \"Condition\": {\n        \"StringEquals\": {\n          \"oidc.eks.ap-southeast-1.amazonaws.com/id/A03A214CE31BBCEEB739A56D3F0C4A88:sub\": \"system:serviceaccount:kube-system:aws-load-balancer-controller\"\n        }\n      }\n    }\n  ]\n}",
            "minified_json": "{\"Version\":\"2012-10-17\",\"Statement\":[{\"Effect\":\"Allow\",\"Action\":\"sts:AssumeRoleWithWebIdentity\",\"Principal\":{\"Federated\":\"arn:aws:iam::292195077353:oidc-provider/oidc.eks.ap-southeast-1.amazonaws.com/id/A03A214CE31BBCEEB739A56D3F0C4A88\"},\"Condition\":{\"StringEquals\":{\"oidc.eks.ap-southeast-1.amazonaws.com/id/A03A214CE31BBCEEB739A56D3F0C4A88:sub\":\"system:serviceaccount:kube-system:aws-load-balancer-controller\"}}}]}",
            "override_json": null,
            "override_policy_documents": null,
            "policy_id": null,
            "source_json": null,
            "source_policy_documents": null,
            "statement": [
              {
                "actions": [
                  "sts:AssumeRoleWithWebIdentity"
                ],
                "condition": [
                  {
                    "test": "StringEquals",
                    "values": [
                      "system:serviceaccount:kube-system:aws-load-balancer-controller"
                    ],
                    "variable": "oidc.eks.ap-southeast-1.amazonaws.com/id/A03A214CE31BBCEEB739A56D3F0C4A88:sub"
                  }
                ],
                "effect": "Allow",
                "not_actions": [],
                "not_principals": [],
                "not_resources": [],
                "principals": [
                  {
                    "identifiers": [
                      "arn:aws:iam::292195077353:oidc-provider/oidc.eks.ap-southeast-1.amazonaws.com/id/A03A214CE31BBCEEB739A56D3F0C4A88"
                    ],
                    "type": "Federated"
                  }
                ],
                "resources": [],
                "sid": ""
              }
            ],
            "version": "2012-10-17"
          },
          "sensitive_attributes": [],
          "identity_schema_version": 0
        }
      ]
    },
    {
      "mode": "data",
      "type": "aws_iam_policy_document",
      "name": "app_sa_assume",
      "provider": "provider[\"registry.terraform.io/hashicorp/aws\"]",
      "instances": [
        {
          "schema_version": 0,
          "attributes": {
            "id": "116482133",
            "json": "{\n  \"Version\": \"2012-10-17\",\n  \"Statement\": [\n    {\n      \"Effect\": \"Allow\",\n      \"Action\": \"sts:AssumeRoleWithWebIdentity\",\n      \"Principal\": {\n        \"Federated\": \"arn:aws:iam::292195077353:oidc-provider/oidc.eks.ap-southeast-1.amazonaws.com/id/A03A214CE31BBCEEB739A56D3F0C4A88\"\n      },\n      \"Condition\": {\n        \"StringEquals\": {\n          \"oidc.eks.ap-southeast-1.amazonaws.com/id/A03A214CE31BBCEEB739A56D3F0C4A88:sub\": \"system:serviceaccount:banking:bank-app\"\n        }\n      }\n    }\n  ]\n}",
            "minified_json": "{\"Version\":\"2012-10-17\",\"Statement\":[{\"Effect\":\"Allow\",\"Action\":\"sts:AssumeRoleWithWebIdentity\",\"Principal\":{\"Federated\":\"arn:aws:iam::292195077353:oidc-provider/oidc.eks.ap-southeast-1.amazonaws.com/id/A03A214CE31BBCEEB739A56D3F0C4A88\"},\"Condition\":{\"StringEquals\":{\"oidc.eks.ap-southeast-1.amazonaws.com/id/A03A214CE31BBCEEB739A56D3F0C4A88:sub\":\"system:serviceaccount:banking:bank-app\"}}}]}",
            "override_json": null,
            "override_policy_documents": null,
            "policy_id": null,
            "source_json": null,
            "source_policy_documents": null,
            "statement": [
              {
                "actions": [
                  "sts:AssumeRoleWithWebIdentity"
                ],
                "condition": [
                  {
                    "test": "StringEquals",
                    "values": [
                      "system:serviceaccount:banking:bank-app"
                    ],
                    "variable": "oidc.eks.ap-southeast-1.amazonaws.com/id/A03A214CE31BBCEEB739A56D3F0C4A88:sub"
                  }
                ],
                "effect": "Allow",
                "not_actions": [],
                "not_principals": [],
                "not_resources": [],
                "principals": [
                  {
                    "identifiers": [
                      "arn:aws:iam::292195077353:oidc-provider/oidc.eks.ap-southeast-1.amazonaws.com/id/A03A214CE31BBCEEB739A56D3F0C4A88"
                    ],
                    "type": "Federated"
                  }
                ],
                "resources": [],
                "sid": ""
              }
            ],
            "version": "2012-10-17"
          },
          "sensitive_attributes": [],
          "identity_schema_version": 0
        }
      ]
    },
    {
      "mode": "data",
      "type": "aws_iam_policy_document",
      "name": "app_sm",
      "provider": "provider[\"registry.terraform.io/hashicorp/aws\"]",
      "instances": [
        {
          "schema_version": 0,
          "attributes": {
            "id": "719324598",
            "json": "{\n  \"Version\": \"2012-10-17\",\n  \"Statement\": [\n    {\n      \"Effect\": \"Allow\",\n      \"Action\": \"secretsmanager:GetSecretValue\",\n      \"Resource\": \"arn:aws:secretsmanager:ap-southeast-1:292195077353:secret:apps-crud-bank-prod/db-s2uV2g\"\n    }\n  ]\n}",
            "minified_json": "{\"Version\":\"2012-10-17\",\"Statement\":[{\"Effect\":\"Allow\",\"Action\":\"secretsmanager:GetSecretValue\",\"Resource\":\"arn:aws:secretsmanager:ap-southeast-1:292195077353:secret:apps-crud-bank-prod/db-s2uV2g\"}]}",
            "override_json": null,
            "override_policy_documents": null,
            "policy_id": null,
            "source_json": null,
            "source_policy_documents": null,
            "statement": [
              {
                "actions": [
                  "secretsmanager:GetSecretValue"
                ],
                "condition": [],
                "effect": "Allow",
                "not_actions": [],
                "not_principals": [],
                "not_resources": [],
                "principals": [],
                "resources": [
                  "arn:aws:secretsmanager:ap-southeast-1:292195077353:secret:apps-crud-bank-prod/db-s2uV2g"
                ],
                "sid": ""
              }
            ],
            "version": "2012-10-17"
          },
          "sensitive_attributes": [],
          "identity_schema_version": 0
        }
      ]
    },
    {
      "mode": "managed",
      "type": "aws_db_instance",
      "name": "postgres",
      "provider": "provider[\"registry.terraform.io/hashicorp/aws\"]",
      "instances": [
        {
          "schema_version": 2,
          "attributes": {
            "address": "apps-crud-bank-prod-db.cxgmms600igq.ap-southeast-1.rds.amazonaws.com",
            "allocated_storage": 20,
            "allow_major_version_upgrade": null,
            "apply_immediately": true,
            "arn": "arn:aws:rds:ap-southeast-1:292195077353:db:apps-crud-bank-prod-db",
            "auto_minor_version_upgrade": true,
            "availability_zone": "ap-southeast-1b",
            "backup_retention_period": 7,
            "backup_target": "region",
            "backup_window": "20:45-21:15",
            "blue_green_update": [],
            "ca_cert_identifier": "rds-ca-rsa2048-g1",
            "character_set_name": "",
            "copy_tags_to_snapshot": false,
            "custom_iam_instance_profile": "",
            "customer_owned_ip_enabled": false,
            "database_insights_mode": "standard",
            "db_name": "crudbank",
            "db_subnet_group_name": "apps-crud-bank-prod-db-subnet-group",
            "dedicated_log_volume": false,
            "delete_automated_backups": true,
            "deletion_protection": false,
            "domain": "",
            "domain_auth_secret_arn": "",
            "domain_dns_ips": [],
            "domain_fqdn": "",
            "domain_iam_role_name": "",
            "domain_ou": "",
            "enabled_cloudwatch_logs_exports": [],
            "endpoint": "apps-crud-bank-prod-db.cxgmms600igq.ap-southeast-1.rds.amazonaws.com:5432",
            "engine": "postgres",
            "engine_lifecycle_support": "open-source-rds-extended-support",
            "engine_version": "15.14",
            "engine_version_actual": "15.14",
            "final_snapshot_identifier": null,
            "hosted_zone_id": "Z2G0U3KFCY8NZ5",
            "iam_database_authentication_enabled": false,
            "id": "db-SSWR2HIDW5BUS6C5RTCJPSB4PI",
            "identifier": "apps-crud-bank-prod-db",
            "identifier_prefix": "",
            "instance_class": "db.t3.micro",
            "iops": 0,
            "kms_key_id": "arn:aws:kms:ap-southeast-1:292195077353:key/5a4ec340-42b5-478b-84ff-d323c58b54c2",
            "latest_restorable_time": "2025-09-13T15:49:30Z",
            "license_model": "postgresql-license",
            "listener_endpoint": [],
            "maintenance_window": "sun:14:43-sun:15:13",
            "manage_master_user_password": null,
            "master_user_secret": [],
            "master_user_secret_kms_key_id": null,
            "max_allocated_storage": 100,
            "monitoring_interval": 0,
            "monitoring_role_arn": "",
            "multi_az": true,
            "nchar_character_set_name": "",
            "network_type": "IPV4",
            "option_group_name": "default:postgres-15",
            "parameter_group_name": "default.postgres15",
            "password": "xL8Z$3ACTPm4A!8DtF?i",
            "password_wo": null,
            "password_wo_version": null,
            "performance_insights_enabled": true,
            "performance_insights_kms_key_id": "arn:aws:kms:ap-southeast-1:292195077353:key/5a4ec340-42b5-478b-84ff-d323c58b54c2",
            "performance_insights_retention_period": 7,
            "port": 5432,
            "publicly_accessible": false,
            "replica_mode": "",
            "replicas": [],
            "replicate_source_db": "",
            "resource_id": "db-SSWR2HIDW5BUS6C5RTCJPSB4PI",
            "restore_to_point_in_time": [],
            "s3_import": [],
            "skip_final_snapshot": true,
            "snapshot_identifier": null,
            "status": "available",
            "storage_encrypted": true,
            "storage_throughput": 0,
            "storage_type": "gp2",
            "tags": {
              "Env": "prod",
              "Name": "apps-crud-bank-prod-rds",
              "Project": "apps-crud-bank"
            },
            "tags_all": {
              "Env": "prod",
              "Name": "apps-crud-bank-prod-rds",
              "Project": "apps-crud-bank"
            },
            "timeouts": null,
            "timezone": "",
            "upgrade_storage_config": null,
            "username": "crudbankapp",
            "vpc_security_group_ids": [
              "sg-03378b01d6644794a"
            ]
          },
          "sensitive_attributes": [
            [
              {
                "type": "get_attr",
                "value": "password"
              }
            ],
            [
              {
                "type": "get_attr",
                "value": "password_wo"
              }
            ]
          ],
          "identity_schema_version": 0,
          "private": "eyJlMmJmYjczMC1lY2FhLTExZTYtOGY4OC0zNDM2M2JjN2M0YzAiOnsiY3JlYXRlIjozMDAwMDAwMDAwMDAwLCJkZWxldGUiOjM2MDAwMDAwMDAwMDAsInVwZGF0ZSI6NDgwMDAwMDAwMDAwMH0sInNjaGVtYV92ZXJzaW9uIjoiMiJ9",
          "dependencies": [
            "aws_db_subnet_group.db",
            "aws_security_group.rds_sg",
            "aws_subnet.private",
            "aws_vpc.main",
            "data.aws_availability_zones.available",
            "random_password.db"
          ]
        }
      ]
    },
    {
      "mode": "managed",
      "type": "aws_db_subnet_group",
      "name": "db",
      "provider": "provider[\"registry.terraform.io/hashicorp/aws\"]",
      "instances": [
        {
          "schema_version": 0,
          "attributes": {
            "arn": "arn:aws:rds:ap-southeast-1:292195077353:subgrp:apps-crud-bank-prod-db-subnet-group",
            "description": "Managed by Terraform",
            "id": "apps-crud-bank-prod-db-subnet-group",
            "name": "apps-crud-bank-prod-db-subnet-group",
            "name_prefix": "",
            "subnet_ids": [
              "subnet-0853c922f0fc1456f",
              "subnet-0c27e973beb83e29d"
            ],
            "supported_network_types": [
              "IPV4"
            ],
            "tags": {
              "Env": "prod",
              "Name": "apps-crud-bank-prod-db-subnet-group",
              "Project": "apps-crud-bank"
            },
            "tags_all": {
              "Env": "prod",
              "Name": "apps-crud-bank-prod-db-subnet-group",
              "Project": "apps-crud-bank"
            },
            "vpc_id": "vpc-0271f9e41e7381c0d"
          },
          "sensitive_attributes": [],
          "identity_schema_version": 0,
          "private": "bnVsbA==",
          "dependencies": [
            "aws_subnet.private",
            "aws_vpc.main",
            "data.aws_availability_zones.available"
          ]
        }
      ]
    },
    {
      "mode": "managed",
      "type": "aws_ecr_repository",
      "name": "repo",
      "provider": "provider[\"registry.terraform.io/hashicorp/aws\"]",
      "instances": [
        {
          "schema_version": 0,
          "attributes": {
            "arn": "arn:aws:ecr:ap-southeast-1:292195077353:repository/apps-crud-bank-prod-repo",
            "encryption_configuration": [
              {
                "encryption_type": "AES256",
                "kms_key": ""
              }
            ],
            "force_delete": null,
            "id": "apps-crud-bank-prod-repo",
            "image_scanning_configuration": [
              {
                "scan_on_push": true
              }
            ],
            "image_tag_mutability": "MUTABLE",
            "name": "apps-crud-bank-prod-repo",
            "registry_id": "292195077353",
            "repository_url": "292195077353.dkr.ecr.ap-southeast-1.amazonaws.com/apps-crud-bank-prod-repo",
            "tags": {
              "Env": "prod",
              "Name": "apps-crud-bank-prod-ecr",
              "Project": "apps-crud-bank"
            },
            "tags_all": {
              "Env": "prod",
              "Name": "apps-crud-bank-prod-ecr",
              "Project": "apps-crud-bank"
            },
            "timeouts": null
          },
          "sensitive_attributes": [],
          "identity_schema_version": 0,
          "private": "eyJlMmJmYjczMC1lY2FhLTExZTYtOGY4OC0zNDM2M2JjN2M0YzAiOnsiZGVsZXRlIjoxMjAwMDAwMDAwMDAwfX0="
        }
      ]
    },
    {
      "mode": "managed",
      "type": "aws_eip",
      "name": "nat",
      "provider": "provider[\"registry.terraform.io/hashicorp/aws\"]",
      "instances": [
        {
          "index_key": 0,
          "schema_version": 0,
          "attributes": {
            "address": null,
            "allocation_id": "eipalloc-052ee4cc744c00da6",
            "arn": "arn:aws:ec2:ap-southeast-1:292195077353:elastic-ip/eipalloc-052ee4cc744c00da6",
            "associate_with_private_ip": null,
            "association_id": "eipassoc-0db6f1796c2794bc9",
            "carrier_ip": "",
            "customer_owned_ip": "",
            "customer_owned_ipv4_pool": "",
            "domain": "vpc",
            "id": "eipalloc-052ee4cc744c00da6",
            "instance": "",
            "ipam_pool_id": null,
            "network_border_group": "ap-southeast-1",
            "network_interface": "eni-0650facf87c6c2d24",
            "private_dns": "ip-10-0-1-106.ap-southeast-1.compute.internal",
            "private_ip": "10.0.1.106",
            "ptr_record": "",
            "public_dns": "ec2-18-136-58-97.ap-southeast-1.compute.amazonaws.com",
            "public_ip": "18.136.58.97",
            "public_ipv4_pool": "amazon",
            "tags": {
              "Env": "prod",
              "Name": "apps-crud-bank-prod-nat-eip",
              "Project": "apps-crud-bank"
            },
            "tags_all": {
              "Env": "prod",
              "Name": "apps-crud-bank-prod-nat-eip",
              "Project": "apps-crud-bank"
            },
            "timeouts": null,
            "vpc": true
          },
          "sensitive_attributes": [],
          "identity_schema_version": 0,
          "private": "eyJlMmJmYjczMC1lY2FhLTExZTYtOGY4OC0zNDM2M2JjN2M0YzAiOnsiZGVsZXRlIjoxODAwMDAwMDAwMDAsInJlYWQiOjkwMDAwMDAwMDAwMCwidXBkYXRlIjozMDAwMDAwMDAwMDB9fQ=="
        }
      ]
    },
    {
      "mode": "managed",
      "type": "aws_eks_cluster",
      "name": "this",
      "provider": "provider[\"registry.terraform.io/hashicorp/aws\"]",
      "instances": [
        {
          "schema_version": 1,
          "attributes": {
            "access_config": [
              {
                "authentication_mode": "CONFIG_MAP",
                "bootstrap_cluster_creator_admin_permissions": true
              }
            ],
            "arn": "arn:aws:eks:ap-southeast-1:292195077353:cluster/apps-crud-bank-prod-cluster",
            "bootstrap_self_managed_addons": true,
            "certificate_authority": [
              {
                "data": "LS0tLS1CRUdJTiBDRVJUSUZJQ0FURS0tLS0tCk1JSURCVENDQWUyZ0F3SUJBZ0lJVGhQWVZLYkZLM0F3RFFZSktvWklodmNOQVFFTEJRQXdGVEVUTUJFR0ExVUUKQXhNS2EzVmlaWEp1WlhSbGN6QWVGdzB5TlRBNU1UTXdOakkwTWpWYUZ3MHpOVEE1TVRFd05qSTVNalZhTUJVeApFekFSQmdOVkJBTVRDbXQxWW1WeWJtVjBaWE13Z2dFaU1BMEdDU3FHU0liM0RRRUJBUVVBQTRJQkR3QXdnZ0VLCkFvSUJBUUM0RUtwQk84aTdyNDNVdEpReEtVSUpaSFlnTmJ4Y01OV3hkaEFjOEp3TVB3aDY2cU8vUG9aQmxzcmoKOEtpVEx2UGRYUWhvYjQrUGptSkJaWWpsSDJXNVdvcks1K1haSFZaTWZ1MVVrYkdEcHlOMWp5Y0xuRWYzNmJOcQpYUXJoNjVIZ1VwWUNHcWMweVB0MGRsSzdJdFRlZHJ4SzVlUHpuMW5yWEFPcXV1d2NXSkFmSEh2SC84RnoxbXRZCmJmQnA5MFZMcGZwYlFvbUFVRkdaN2hya1VCdldESDJNSHpRV204NmUxeTc0WjNhc0ZwdzhZQWhDZXlKRmM3RjQKWjZHS0VMdGw5SUJIWlJPQ21iOFVDL2xXK25MY2NadmN0RzFydzdKZ0wzZzZ1aWZ0ekp5L2NDNzhPWUdmYllvNgorYkcwL3h5ZVNjbzdMQUdDYlVRKzBTdGYzaGR4QWdNQkFBR2pXVEJYTUE0R0ExVWREd0VCL3dRRUF3SUNwREFQCkJnTlZIUk1CQWY4RUJUQURBUUgvTUIwR0ExVWREZ1FXQkJTN2pacHFqeGJpQUpWUFk1YUdOdms2MmFTU1FUQVYKQmdOVkhSRUVEakFNZ2dwcmRXSmxjbTVsZEdWek1BMEdDU3FHU0liM0RRRUJDd1VBQTRJQkFRQnJDNXF4VVRWWQpmU25MQktjV3gvYXd1blFPRGRvN21NRUZEUXVxNTJISE9FUU45dDR6U2tQbStweDUrRnF2VlFGa0VJTmlYcUYvCnRIZXErOUl0K2RzeWdwcjJFSXg0WGZBZVlLTlVEVjJRODR6NUR3aEtyVmtDWWZYYXQwODBCRXg3Yjg2azZmRisKc081UHpqNE5vVnVMWkt1Z1ljbVJLYkF5R096bGVsSkdhUnBlNzlaNVdoTy9KWlA5NWU4U01kakJvbmMyWHE0WQowYm5MYWJTMlJXL2NBT1o3RkU2eWJ5OHhQbmQzSlFSWnVkS3ZPZ0dvaytCQXFOSU8wVUdZdzFzV1VscnhKNzFhCnhiaTAxbGZWNkp6TklFQ3lwbkQveXdsUTdRaVdVTk8xVUtjdmpHU1VDMy9RVVlJMm5PZ1JCblJ0YnpINVNBNHEKLzZVOVVpVVJFS1I1Ci0tLS0tRU5EIENFUlRJRklDQVRFLS0tLS0K"
              }
            ],
            "cluster_id": null,
            "compute_config": [],
            "created_at": "2025-09-13T06:23:50Z",
            "enabled_cluster_log_types": [
              "api",
              "audit",
              "authenticator",
              "controllerManager",
              "scheduler"
            ],
            "encryption_config": [],
            "endpoint": "https://A03A214CE31BBCEEB739A56D3F0C4A88.gr7.ap-southeast-1.eks.amazonaws.com",
            "force_update_version": null,
            "id": "apps-crud-bank-prod-cluster",
            "identity": [
              {
                "oidc": [
                  {
                    "issuer": "https://oidc.eks.ap-southeast-1.amazonaws.com/id/A03A214CE31BBCEEB739A56D3F0C4A88"
                  }
                ]
              }
            ],
            "kubernetes_network_config": [
              {
                "elastic_load_balancing": [
                  {
                    "enabled": false
                  }
                ],
                "ip_family": "ipv4",
                "service_ipv4_cidr": "172.20.0.0/16",
                "service_ipv6_cidr": ""
              }
            ],
            "name": "apps-crud-bank-prod-cluster",
            "outpost_config": [],
            "platform_version": "eks.47",
            "remote_network_config": [],
            "role_arn": "arn:aws:iam::292195077353:role/apps-crud-bank-prod-eks-cluster-role",
            "status": "ACTIVE",
            "storage_config": [],
            "tags": {
              "Env": "prod",
              "Project": "apps-crud-bank"
            },
            "tags_all": {
              "Env": "prod",
              "Project": "apps-crud-bank"
            },
            "timeouts": null,
            "upgrade_policy": [
              {
                "support_type": "EXTENDED"
              }
            ],
            "version": "1.29",
            "vpc_config": [
              {
                "cluster_security_group_id": "sg-0bfcc0f235e0612c7",
                "endpoint_private_access": true,
                "endpoint_public_access": true,
                "public_access_cidrs": [
                  "0.0.0.0/0"
                ],
                "security_group_ids": [],
                "subnet_ids": [
                  "subnet-047614e320c603676",
                  "subnet-0853c922f0fc1456f",
                  "subnet-0c27e973beb83e29d",
                  "subnet-0e7acdaf88857025b"
                ],
                "vpc_id": "vpc-0271f9e41e7381c0d"
              }
            ],
            "zonal_shift_config": []
          },
          "sensitive_attributes": [],
          "identity_schema_version": 0,
          "private": "eyJlMmJmYjczMC1lY2FhLTExZTYtOGY4OC0zNDM2M2JjN2M0YzAiOnsiY3JlYXRlIjoxODAwMDAwMDAwMDAwLCJkZWxldGUiOjkwMDAwMDAwMDAwMCwidXBkYXRlIjozNjAwMDAwMDAwMDAwfSwic2NoZW1hX3ZlcnNpb24iOiIxIn0=",
          "dependencies": [
            "aws_iam_role.eks_cluster_role",
            "aws_iam_role_policy_attachment.eks_cluster_AmazonEKSClusterPolicy",
            "aws_subnet.private",
            "aws_subnet.public",
            "aws_vpc.main",
            "data.aws_availability_zones.available"
          ]
        }
      ]
    },
    {
      "mode": "managed",
      "type": "aws_eks_node_group",
      "name": "this",
      "provider": "provider[\"registry.terraform.io/hashicorp/aws\"]",
      "instances": [
        {
          "schema_version": 0,
          "attributes": {
            "ami_type": "AL2_x86_64",
            "arn": "arn:aws:eks:ap-southeast-1:292195077353:nodegroup/apps-crud-bank-prod-cluster/apps-crud-bank-prod-ng/74cca10e-61a5-f404-d4fe-571be8ad83c4",
            "capacity_type": "ON_DEMAND",
            "cluster_name": "apps-crud-bank-prod-cluster",
            "disk_size": 20,
            "force_update_version": null,
            "id": "apps-crud-bank-prod-cluster:apps-crud-bank-prod-ng",
            "instance_types": [
              "t3.micro"
            ],
            "labels": {},
            "launch_template": [],
            "node_group_name": "apps-crud-bank-prod-ng",
            "node_group_name_prefix": "",
            "node_repair_config": [],
            "node_role_arn": "arn:aws:iam::292195077353:role/apps-crud-bank-prod-eks-node-role",
            "release_version": "1.29.15-20250904",
            "remote_access": [],
            "resources": [
              {
                "autoscaling_groups": [
                  {
                    "name": "eks-apps-crud-bank-prod-ng-74cca10e-61a5-f404-d4fe-571be8ad83c4"
                  }
                ],
                "remote_access_security_group_id": ""
              }
            ],
            "scaling_config": [
              {
                "desired_size": 3,
                "max_size": 4,
                "min_size": 1
              }
            ],
            "status": "ACTIVE",
            "subnet_ids": [
              "subnet-0853c922f0fc1456f",
              "subnet-0c27e973beb83e29d"
            ],
            "tags": {
              "Env": "prod",
              "Project": "apps-crud-bank"
            },
            "tags_all": {
              "Env": "prod",
              "Project": "apps-crud-bank"
            },
            "taint": [],
            "timeouts": null,
            "update_config": [
              {
                "max_unavailable": 1,
                "max_unavailable_percentage": 0
              }
            ],
            "version": "1.29"
          },
          "sensitive_attributes": [],
          "identity_schema_version": 0,
          "private": "eyJlMmJmYjczMC1lY2FhLTExZTYtOGY4OC0zNDM2M2JjN2M0YzAiOnsiY3JlYXRlIjozNjAwMDAwMDAwMDAwLCJkZWxldGUiOjM2MDAwMDAwMDAwMDAsInVwZGF0ZSI6MzYwMDAwMDAwMDAwMH19",
          "dependencies": [
            "aws_eks_cluster.this",
            "aws_iam_role.eks_cluster_role",
            "aws_iam_role.eks_node_role",
            "aws_iam_role_policy_attachment.eks_cluster_AmazonEKSClusterPolicy",
            "aws_subnet.private",
            "aws_subnet.public",
            "aws_vpc.main",
            "data.aws_availability_zones.available"
          ]
        }
      ]
    },
    {
      "mode": "managed",
      "type": "aws_iam_openid_connect_provider",
      "name": "oidc",
      "provider": "provider[\"registry.terraform.io/hashicorp/aws\"]",
      "instances": [
        {
          "schema_version": 0,
          "attributes": {
            "arn": "arn:aws:iam::292195077353:oidc-provider/oidc.eks.ap-southeast-1.amazonaws.com/id/A03A214CE31BBCEEB739A56D3F0C4A88",
            "client_id_list": [
              "sts.amazonaws.com"
            ],
            "id": "arn:aws:iam::292195077353:oidc-provider/oidc.eks.ap-southeast-1.amazonaws.com/id/A03A214CE31BBCEEB739A56D3F0C4A88",
            "tags": {},
            "tags_all": {},
            "thumbprint_list": [
              "9e99a48a9960b14926bb7f3b02e22da0ecd4e0f1"
            ],
            "url": "oidc.eks.ap-southeast-1.amazonaws.com/id/A03A214CE31BBCEEB739A56D3F0C4A88"
          },
          "sensitive_attributes": [],
          "identity_schema_version": 0,
          "private": "bnVsbA==",
          "dependencies": [
            "aws_eks_cluster.this",
            "aws_iam_role.eks_cluster_role",
            "aws_iam_role_policy_attachment.eks_cluster_AmazonEKSClusterPolicy",
            "aws_subnet.private",
            "aws_subnet.public",
            "aws_vpc.main",
            "data.aws_availability_zones.available",
            "data.aws_eks_cluster.this"
          ]
        }
      ]
    },
    {
      "mode": "managed",
      "type": "aws_iam_policy",
      "name": "alb_controller",
      "provider": "provider[\"registry.terraform.io/hashicorp/aws\"]",
      "instances": [
        {
          "schema_version": 0,
          "attributes": {
            "arn": "arn:aws:iam::292195077353:policy/apps-crud-bank-prod-alb-controller-policy",
            "attachment_count": 1,
            "description": "",
            "id": "arn:aws:iam::292195077353:policy/apps-crud-bank-prod-alb-controller-policy",
            "name": "apps-crud-bank-prod-alb-controller-policy",
            "name_prefix": "",
            "path": "/",
            "policy": "{\"Statement\":[{\"Action\":[\"iam:CreateServiceLinkedRole\"],\"Effect\":\"Allow\",\"Resource\":\"*\"},{\"Action\":[\"ec2:Describe*\",\"ec2:GetCoipPoolUsage\",\"ec2:GetSecurityGroupsForVpc\",\"ec2:CreateSecurityGroup\",\"ec2:DeleteSecurityGroup\",\"ec2:AuthorizeSecurityGroupIngress\",\"ec2:AuthorizeSecurityGroupEgress\",\"ec2:RevokeSecurityGroupIngress\",\"ec2:RevokeSecurityGroupEgress\",\"ec2:CreateTags\",\"ec2:DeleteTags\"],\"Effect\":\"Allow\",\"Resource\":\"*\"},{\"Action\":[\"elasticloadbalancing:*\"],\"Effect\":\"Allow\",\"Resource\":\"*\"},{\"Action\":[\"cognito-idp:DescribeUserPoolClient\",\"acm:ListCertificates\",\"acm:DescribeCertificate\",\"iam:ListServerCertificates\",\"iam:GetServerCertificate\",\"waf-regional:GetWebACL\",\"waf-regional:AssociateWebACL\",\"waf-regional:DisassociateWebACL\",\"wafv2:GetWebACL\",\"wafv2:AssociateWebACL\",\"wafv2:DisassociateWebACL\",\"shield:CreateProtection\",\"shield:DeleteProtection\",\"shield:DescribeProtection\",\"shield:GetSubscriptionState\",\"shield:ListProtections\"],\"Effect\":\"Allow\",\"Resource\":\"*\"}],\"Version\":\"2012-10-17\"}",
            "policy_id": "ANPAUICBPBTU3MP5GPLWG",
            "tags": {},
            "tags_all": {}
          },
          "sensitive_attributes": [],
          "identity_schema_version": 0,
          "private": "bnVsbA=="
        }
      ]
    },
    {
      "mode": "managed",
      "type": "aws_iam_policy",
      "name": "app_sm",
      "provider": "provider[\"registry.terraform.io/hashicorp/aws\"]",
      "instances": [
        {
          "schema_version": 0,
          "attributes": {
            "arn": "arn:aws:iam::292195077353:policy/apps-crud-bank-prod-app-sm-policy",
            "attachment_count": 1,
            "description": "",
            "id": "arn:aws:iam::292195077353:policy/apps-crud-bank-prod-app-sm-policy",
            "name": "apps-crud-bank-prod-app-sm-policy",
            "name_prefix": "",
            "path": "/",
            "policy": "{\"Statement\":[{\"Action\":\"secretsmanager:GetSecretValue\",\"Effect\":\"Allow\",\"Resource\":\"arn:aws:secretsmanager:ap-southeast-1:292195077353:secret:apps-crud-bank-prod/db-s2uV2g\"}],\"Version\":\"2012-10-17\"}",
            "policy_id": "ANPAUICBPBTUZ2RUYI5UY",
            "tags": {},
            "tags_all": {}
          },
          "sensitive_attributes": [],
          "identity_schema_version": 0,
          "private": "bnVsbA==",
          "dependencies": [
            "aws_secretsmanager_secret.db",
            "data.aws_iam_policy_document.app_sm"
          ]
        }
      ]
    },
    {
      "mode": "managed",
      "type": "aws_iam_role",
      "name": "alb_sa_role",
      "provider": "provider[\"registry.terraform.io/hashicorp/aws\"]",
      "instances": [
        {
          "schema_version": 0,
          "attributes": {
            "arn": "arn:aws:iam::292195077353:role/apps-crud-bank-prod-alb-controller-role",
            "assume_role_policy": "{\"Statement\":[{\"Action\":\"sts:AssumeRoleWithWebIdentity\",\"Condition\":{\"StringEquals\":{\"oidc.eks.ap-southeast-1.amazonaws.com/id/A03A214CE31BBCEEB739A56D3F0C4A88:sub\":\"system:serviceaccount:kube-system:aws-load-balancer-controller\"}},\"Effect\":\"Allow\",\"Principal\":{\"Federated\":\"arn:aws:iam::292195077353:oidc-provider/oidc.eks.ap-southeast-1.amazonaws.com/id/A03A214CE31BBCEEB739A56D3F0C4A88\"}}],\"Version\":\"2012-10-17\"}",
            "create_date": "2025-09-13T06:32:56Z",
            "description": "",
            "force_detach_policies": false,
            "id": "apps-crud-bank-prod-alb-controller-role",
            "inline_policy": [],
            "managed_policy_arns": [
              "arn:aws:iam::292195077353:policy/apps-crud-bank-prod-alb-controller-policy"
            ],
            "max_session_duration": 3600,
            "name": "apps-crud-bank-prod-alb-controller-role",
            "name_prefix": "",
            "path": "/",
            "permissions_boundary": "",
            "tags": {
              "Env": "prod",
              "Project": "apps-crud-bank"
            },
            "tags_all": {
              "Env": "prod",
              "Project": "apps-crud-bank"
            },
            "unique_id": "AROAUICBPBTU6LQGHLWVF"
          },
          "sensitive_attributes": [],
          "identity_schema_version": 0,
          "private": "bnVsbA==",
          "dependencies": [
            "aws_eks_cluster.this",
            "aws_iam_openid_connect_provider.oidc",
            "aws_iam_role.eks_cluster_role",
            "aws_iam_role_policy_attachment.eks_cluster_AmazonEKSClusterPolicy",
            "aws_subnet.private",
            "aws_subnet.public",
            "aws_vpc.main",
            "data.aws_availability_zones.available",
            "data.aws_eks_cluster.this",
            "data.aws_iam_policy_document.alb_sa_assume"
          ]
        }
      ]
    },
    {
      "mode": "managed",
      "type": "aws_iam_role",
      "name": "app_sa_role",
      "provider": "provider[\"registry.terraform.io/hashicorp/aws\"]",
      "instances": [
        {
          "schema_version": 0,
          "attributes": {
            "arn": "arn:aws:iam::292195077353:role/apps-crud-bank-prod-app-sa-role",
            "assume_role_policy": "{\"Statement\":[{\"Action\":\"sts:AssumeRoleWithWebIdentity\",\"Condition\":{\"StringEquals\":{\"oidc.eks.ap-southeast-1.amazonaws.com/id/A03A214CE31BBCEEB739A56D3F0C4A88:sub\":\"system:serviceaccount:banking:bank-app\"}},\"Effect\":\"Allow\",\"Principal\":{\"Federated\":\"arn:aws:iam::292195077353:oidc-provider/oidc.eks.ap-southeast-1.amazonaws.com/id/A03A214CE31BBCEEB739A56D3F0C4A88\"}}],\"Version\":\"2012-10-17\"}",
            "create_date": "2025-09-13T06:32:56Z",
            "description": "",
            "force_detach_policies": false,
            "id": "apps-crud-bank-prod-app-sa-role",
            "inline_policy": [],
            "managed_policy_arns": [
              "arn:aws:iam::292195077353:policy/apps-crud-bank-prod-app-sm-policy"
            ],
            "max_session_duration": 3600,
            "name": "apps-crud-bank-prod-app-sa-role",
            "name_prefix": "",
            "path": "/",
            "permissions_boundary": "",
            "tags": {
              "Env": "prod",
              "Project": "apps-crud-bank"
            },
            "tags_all": {
              "Env": "prod",
              "Project": "apps-crud-bank"
            },
            "unique_id": "AROAUICBPBTU7O7UX6CTP"
          },
          "sensitive_attributes": [],
          "identity_schema_version": 0,
          "private": "bnVsbA==",
          "dependencies": [
            "aws_eks_cluster.this",
            "aws_iam_openid_connect_provider.oidc",
            "aws_iam_role.eks_cluster_role",
            "aws_iam_role_policy_attachment.eks_cluster_AmazonEKSClusterPolicy",
            "aws_subnet.private",
            "aws_subnet.public",
            "aws_vpc.main",
            "data.aws_availability_zones.available",
            "data.aws_eks_cluster.this",
            "data.aws_iam_policy_document.app_sa_assume"
          ]
        }
      ]
    },
    {
      "mode": "managed",
      "type": "aws_iam_role",
      "name": "eks_cluster_role",
      "provider": "provider[\"registry.terraform.io/hashicorp/aws\"]",
      "instances": [
        {
          "schema_version": 0,
          "attributes": {
            "arn": "arn:aws:iam::292195077353:role/apps-crud-bank-prod-eks-cluster-role",
            "assume_role_policy": "{\"Statement\":[{\"Action\":\"sts:AssumeRole\",\"Effect\":\"Allow\",\"Principal\":{\"Service\":\"eks.amazonaws.com\"}}],\"Version\":\"2012-10-17\"}",
            "create_date": "2025-09-13T06:23:22Z",
            "description": "",
            "force_detach_policies": false,
            "id": "apps-crud-bank-prod-eks-cluster-role",
            "inline_policy": [],
            "managed_policy_arns": [
              "arn:aws:iam::aws:policy/AmazonEKSClusterPolicy"
            ],
            "max_session_duration": 3600,
            "name": "apps-crud-bank-prod-eks-cluster-role",
            "name_prefix": "",
            "path": "/",
            "permissions_boundary": "",
            "tags": {
              "Env": "prod",
              "Project": "apps-crud-bank"
            },
            "tags_all": {
              "Env": "prod",
              "Project": "apps-crud-bank"
            },
            "unique_id": "AROAUICBPBTUVOSLT54IE"
          },
          "sensitive_attributes": [],
          "identity_schema_version": 0,
          "private": "bnVsbA=="
        }
      ]
    },
    {
      "mode": "managed",
      "type": "aws_iam_role",
      "name": "eks_node_role",
      "provider": "provider[\"registry.terraform.io/hashicorp/aws\"]",
      "instances": [
        {
          "schema_version": 0,
          "attributes": {
            "arn": "arn:aws:iam::292195077353:role/apps-crud-bank-prod-eks-node-role",
            "assume_role_policy": "{\"Statement\":[{\"Action\":\"sts:AssumeRole\",\"Effect\":\"Allow\",\"Principal\":{\"Service\":\"ec2.amazonaws.com\"}}],\"Version\":\"2012-10-17\"}",
            "create_date": "2025-09-13T06:23:22Z",
            "description": "",
            "force_detach_policies": false,
            "id": "apps-crud-bank-prod-eks-node-role",
            "inline_policy": [],
            "managed_policy_arns": [
              "arn:aws:iam::aws:policy/AmazonEC2ContainerRegistryReadOnly",
              "arn:aws:iam::aws:policy/AmazonEKSWorkerNodePolicy",
              "arn:aws:iam::aws:policy/AmazonEKS_CNI_Policy"
            ],
            "max_session_duration": 3600,
            "name": "apps-crud-bank-prod-eks-node-role",
            "name_prefix": "",
            "path": "/",
            "permissions_boundary": "",
            "tags": {
              "Env": "prod",
              "Project": "apps-crud-bank"
            },
            "tags_all": {
              "Env": "prod",
              "Project": "apps-crud-bank"
            },
            "unique_id": "AROAUICBPBTUY4W4M2FE7"
          },
          "sensitive_attributes": [],
          "identity_schema_version": 0,
          "private": "bnVsbA=="
        }
      ]
    },
    {
      "mode": "managed",
      "type": "aws_iam_role_policy_attachment",
      "name": "alb_attach",
      "provider": "provider[\"registry.terraform.io/hashicorp/aws\"]",
      "instances": [
        {
          "schema_version": 0,
          "attributes": {
            "id": "apps-crud-bank-prod-alb-controller-role-2025091306325824820000000b",
            "policy_arn": "arn:aws:iam::292195077353:policy/apps-crud-bank-prod-alb-controller-policy",
            "role": "apps-crud-bank-prod-alb-controller-role"
          },
          "sensitive_attributes": [],
          "identity_schema_version": 0,
          "private": "bnVsbA==",
          "dependencies": [
            "aws_eks_cluster.this",
            "aws_iam_openid_connect_provider.oidc",
            "aws_iam_policy.alb_controller",
            "aws_iam_role.alb_sa_role",
            "aws_iam_role.eks_cluster_role",
            "aws_iam_role_policy_attachment.eks_cluster_AmazonEKSClusterPolicy",
            "aws_subnet.private",
            "aws_subnet.public",
            "aws_vpc.main",
            "data.aws_availability_zones.available",
            "data.aws_eks_cluster.this",
            "data.aws_iam_policy_document.alb_sa_assume"
          ]
        }
      ]
    },
    {
      "mode": "managed",
      "type": "aws_iam_role_policy_attachment",
      "name": "app_attach",
      "provider": "provider[\"registry.terraform.io/hashicorp/aws\"]",
      "instances": [
        {
          "schema_version": 0,
          "attributes": {
            "id": "apps-crud-bank-prod-app-sa-role-2025091306325826640000000c",
            "policy_arn": "arn:aws:iam::292195077353:policy/apps-crud-bank-prod-app-sm-policy",
            "role": "apps-crud-bank-prod-app-sa-role"
          },
          "sensitive_attributes": [],
          "identity_schema_version": 0,
          "private": "bnVsbA==",
          "dependencies": [
            "aws_eks_cluster.this",
            "aws_iam_openid_connect_provider.oidc",
            "aws_iam_policy.app_sm",
            "aws_iam_role.app_sa_role",
            "aws_iam_role.eks_cluster_role",
            "aws_iam_role_policy_attachment.eks_cluster_AmazonEKSClusterPolicy",
            "aws_secretsmanager_secret.db",
            "aws_subnet.private",
            "aws_subnet.public",
            "aws_vpc.main",
            "data.aws_availability_zones.available",
            "data.aws_eks_cluster.this",
            "data.aws_iam_policy_document.app_sa_assume",
            "data.aws_iam_policy_document.app_sm"
          ]
        }
      ]
    },
    {
      "mode": "managed",
      "type": "aws_iam_role_policy_attachment",
      "name": "eks_cluster_AmazonEKSClusterPolicy",
      "provider": "provider[\"registry.terraform.io/hashicorp/aws\"]",
      "instances": [
        {
          "schema_version": 0,
          "attributes": {
            "id": "apps-crud-bank-prod-eks-cluster-role-20250913062324290500000006",
            "policy_arn": "arn:aws:iam::aws:policy/AmazonEKSClusterPolicy",
            "role": "apps-crud-bank-prod-eks-cluster-role"
          },
          "sensitive_attributes": [],
          "identity_schema_version": 0,
          "private": "bnVsbA==",
          "dependencies": [
            "aws_iam_role.eks_cluster_role"
          ]
        }
      ]
    },
    {
      "mode": "managed",
      "type": "aws_iam_role_policy_attachment",
      "name": "worker_node_AmazonEC2ContainerRegistryReadOnly",
      "provider": "provider[\"registry.terraform.io/hashicorp/aws\"]",
      "instances": [
        {
          "schema_version": 0,
          "attributes": {
            "id": "apps-crud-bank-prod-eks-node-role-20250913062324279300000005",
            "policy_arn": "arn:aws:iam::aws:policy/AmazonEC2ContainerRegistryReadOnly",
            "role": "apps-crud-bank-prod-eks-node-role"
          },
          "sensitive_attributes": [],
          "identity_schema_version": 0,
          "private": "bnVsbA==",
          "dependencies": [
            "aws_iam_role.eks_node_role"
          ]
        }
      ]
    },
    {
      "mode": "managed",
      "type": "aws_iam_role_policy_attachment",
      "name": "worker_node_AmazonEKSWorkerNodePolicy",
      "provider": "provider[\"registry.terraform.io/hashicorp/aws\"]",
      "instances": [
        {
          "schema_version": 0,
          "attributes": {
            "id": "apps-crud-bank-prod-eks-node-role-20250913062324233400000004",
            "policy_arn": "arn:aws:iam::aws:policy/AmazonEKSWorkerNodePolicy",
            "role": "apps-crud-bank-prod-eks-node-role"
          },
          "sensitive_attributes": [],
          "identity_schema_version": 0,
          "private": "bnVsbA==",
          "dependencies": [
            "aws_iam_role.eks_node_role"
          ]
        }
      ]
    },
    {
      "mode": "managed",
      "type": "aws_iam_role_policy_attachment",
      "name": "worker_node_AmazonEKS_CNI_Policy",
      "provider": "provider[\"registry.terraform.io/hashicorp/aws\"]",
      "instances": [
        {
          "schema_version": 0,
          "attributes": {
            "id": "apps-crud-bank-prod-eks-node-role-20250913062324217400000003",
            "policy_arn": "arn:aws:iam::aws:policy/AmazonEKS_CNI_Policy",
            "role": "apps-crud-bank-prod-eks-node-role"
          },
          "sensitive_attributes": [],
          "identity_schema_version": 0,
          "private": "bnVsbA==",
          "dependencies": [
            "aws_iam_role.eks_node_role"
          ]
        }
      ]
    },
    {
      "mode": "managed",
      "type": "aws_internet_gateway",
      "name": "igw",
      "provider": "provider[\"registry.terraform.io/hashicorp/aws\"]",
      "instances": [
        {
          "schema_version": 0,
          "attributes": {
            "arn": "arn:aws:ec2:ap-southeast-1:292195077353:internet-gateway/igw-05b4bc237d7dacc8b",
            "id": "igw-05b4bc237d7dacc8b",
            "owner_id": "292195077353",
            "tags": {
              "Env": "prod",
              "Name": "apps-crud-bank-prod-igw",
              "Project": "apps-crud-bank"
            },
            "tags_all": {
              "Env": "prod",
              "Name": "apps-crud-bank-prod-igw",
              "Project": "apps-crud-bank"
            },
            "timeouts": null,
            "vpc_id": "vpc-0271f9e41e7381c0d"
          },
          "sensitive_attributes": [],
          "identity_schema_version": 0,
          "private": "eyJlMmJmYjczMC1lY2FhLTExZTYtOGY4OC0zNDM2M2JjN2M0YzAiOnsiY3JlYXRlIjoxMjAwMDAwMDAwMDAwLCJkZWxldGUiOjEyMDAwMDAwMDAwMDAsInVwZGF0ZSI6MTIwMDAwMDAwMDAwMH19",
          "dependencies": [
            "aws_vpc.main"
          ]
        }
      ]
    },
    {
      "mode": "managed",
      "type": "aws_nat_gateway",
      "name": "nat",
      "provider": "provider[\"registry.terraform.io/hashicorp/aws\"]",
      "instances": [
        {
          "schema_version": 0,
          "attributes": {
            "allocation_id": "eipalloc-052ee4cc744c00da6",
            "association_id": "eipassoc-0db6f1796c2794bc9",
            "connectivity_type": "public",
            "id": "nat-05bfa303a274fac94",
            "network_interface_id": "eni-0650facf87c6c2d24",
            "private_ip": "10.0.1.106",
            "public_ip": "18.136.58.97",
            "secondary_allocation_ids": [],
            "secondary_private_ip_address_count": 0,
            "secondary_private_ip_addresses": [],
            "subnet_id": "subnet-0e7acdaf88857025b",
            "tags": {
              "Env": "prod",
              "Name": "apps-crud-bank-prod-nat",
              "Project": "apps-crud-bank"
            },
            "tags_all": {
              "Env": "prod",
              "Name": "apps-crud-bank-prod-nat",
              "Project": "apps-crud-bank"
            },
            "timeouts": null
          },
          "sensitive_attributes": [],
          "identity_schema_version": 0,
          "private": "eyJlMmJmYjczMC1lY2FhLTExZTYtOGY4OC0zNDM2M2JjN2M0YzAiOnsiY3JlYXRlIjo2MDAwMDAwMDAwMDAsImRlbGV0ZSI6MTgwMDAwMDAwMDAwMCwidXBkYXRlIjo2MDAwMDAwMDAwMDB9fQ==",
          "dependencies": [
            "aws_eip.nat",
            "aws_internet_gateway.igw",
            "aws_subnet.public",
            "aws_vpc.main",
            "data.aws_availability_zones.available"
          ]
        }
      ]
    },
    {
      "mode": "managed",
      "type": "aws_route_table",
      "name": "private",
      "provider": "provider[\"registry.terraform.io/hashicorp/aws\"]",
      "instances": [
        {
          "schema_version": 0,
          "attributes": {
            "arn": "arn:aws:ec2:ap-southeast-1:292195077353:route-table/rtb-00af42083db10e11a",
            "id": "rtb-00af42083db10e11a",
            "owner_id": "292195077353",
            "propagating_vgws": [],
            "route": [
              {
                "carrier_gateway_id": "",
                "cidr_block": "0.0.0.0/0",
                "core_network_arn": "",
                "destination_prefix_list_id": "",
                "egress_only_gateway_id": "",
                "gateway_id": "",
                "ipv6_cidr_block": "",
                "local_gateway_id": "",
                "nat_gateway_id": "nat-05bfa303a274fac94",
                "network_interface_id": "",
                "transit_gateway_id": "",
                "vpc_endpoint_id": "",
                "vpc_peering_connection_id": ""
              }
            ],
            "tags": {
              "Env": "prod",
              "Name": "apps-crud-bank-prod-rt-private",
              "Project": "apps-crud-bank"
            },
            "tags_all": {
              "Env": "prod",
              "Name": "apps-crud-bank-prod-rt-private",
              "Project": "apps-crud-bank"
            },
            "timeouts": null,
            "vpc_id": "vpc-0271f9e41e7381c0d"
          },
          "sensitive_attributes": [],
          "identity_schema_version": 0,
          "private": "eyJlMmJmYjczMC1lY2FhLTExZTYtOGY4OC0zNDM2M2JjN2M0YzAiOnsiY3JlYXRlIjozMDAwMDAwMDAwMDAsImRlbGV0ZSI6MzAwMDAwMDAwMDAwLCJ1cGRhdGUiOjEyMDAwMDAwMDAwMH19",
          "dependencies": [
            "aws_eip.nat",
            "aws_internet_gateway.igw",
            "aws_nat_gateway.nat",
            "aws_subnet.public",
            "aws_vpc.main",
            "data.aws_availability_zones.available"
          ]
        }
      ]
    },
    {
      "mode": "managed",
      "type": "aws_route_table",
      "name": "public",
      "provider": "provider[\"registry.terraform.io/hashicorp/aws\"]",
      "instances": [
        {
          "schema_version": 0,
          "attributes": {
            "arn": "arn:aws:ec2:ap-southeast-1:292195077353:route-table/rtb-02ff59561d2b4f345",
            "id": "rtb-02ff59561d2b4f345",
            "owner_id": "292195077353",
            "propagating_vgws": [],
            "route": [
              {
                "carrier_gateway_id": "",
                "cidr_block": "0.0.0.0/0",
                "core_network_arn": "",
                "destination_prefix_list_id": "",
                "egress_only_gateway_id": "",
                "gateway_id": "igw-05b4bc237d7dacc8b",
                "ipv6_cidr_block": "",
                "local_gateway_id": "",
                "nat_gateway_id": "",
                "network_interface_id": "",
                "transit_gateway_id": "",
                "vpc_endpoint_id": "",
                "vpc_peering_connection_id": ""
              }
            ],
            "tags": {
              "Env": "prod",
              "Name": "apps-crud-bank-prod-rt-public",
              "Project": "apps-crud-bank"
            },
            "tags_all": {
              "Env": "prod",
              "Name": "apps-crud-bank-prod-rt-public",
              "Project": "apps-crud-bank"
            },
            "timeouts": null,
            "vpc_id": "vpc-0271f9e41e7381c0d"
          },
          "sensitive_attributes": [],
          "identity_schema_version": 0,
          "private": "eyJlMmJmYjczMC1lY2FhLTExZTYtOGY4OC0zNDM2M2JjN2M0YzAiOnsiY3JlYXRlIjozMDAwMDAwMDAwMDAsImRlbGV0ZSI6MzAwMDAwMDAwMDAwLCJ1cGRhdGUiOjEyMDAwMDAwMDAwMH19",
          "dependencies": [
            "aws_internet_gateway.igw",
            "aws_vpc.main"
          ]
        }
      ]
    },
    {
      "mode": "managed",
      "type": "aws_route_table_association",
      "name": "pri_assoc",
      "provider": "provider[\"registry.terraform.io/hashicorp/aws\"]",
      "instances": [
        {
          "index_key": "a",
          "schema_version": 0,
          "attributes": {
            "gateway_id": "",
            "id": "rtbassoc-0f6b06436dedfb3dc",
            "route_table_id": "rtb-00af42083db10e11a",
            "subnet_id": "subnet-0c27e973beb83e29d",
            "timeouts": null
          },
          "sensitive_attributes": [],
          "identity_schema_version": 0,
          "private": "eyJlMmJmYjczMC1lY2FhLTExZTYtOGY4OC0zNDM2M2JjN2M0YzAiOnsiY3JlYXRlIjozMDAwMDAwMDAwMDAsImRlbGV0ZSI6MzAwMDAwMDAwMDAwLCJ1cGRhdGUiOjEyMDAwMDAwMDAwMH19",
          "dependencies": [
            "aws_eip.nat",
            "aws_internet_gateway.igw",
            "aws_nat_gateway.nat",
            "aws_route_table.private",
            "aws_subnet.private",
            "aws_subnet.public",
            "aws_vpc.main",
            "data.aws_availability_zones.available"
          ]
        },
        {
          "index_key": "b",
          "schema_version": 0,
          "attributes": {
            "gateway_id": "",
            "id": "rtbassoc-06f94a902c1fae6b1",
            "route_table_id": "rtb-00af42083db10e11a",
            "subnet_id": "subnet-0853c922f0fc1456f",
            "timeouts": null
          },
          "sensitive_attributes": [],
          "identity_schema_version": 0,
          "private": "eyJlMmJmYjczMC1lY2FhLTExZTYtOGY4OC0zNDM2M2JjN2M0YzAiOnsiY3JlYXRlIjozMDAwMDAwMDAwMDAsImRlbGV0ZSI6MzAwMDAwMDAwMDAwLCJ1cGRhdGUiOjEyMDAwMDAwMDAwMH19",
          "dependencies": [
            "aws_eip.nat",
            "aws_internet_gateway.igw",
            "aws_nat_gateway.nat",
            "aws_route_table.private",
            "aws_subnet.private",
            "aws_subnet.public",
            "aws_vpc.main",
            "data.aws_availability_zones.available"
          ]
        }
      ]
    },
    {
      "mode": "managed",
      "type": "aws_route_table_association",
      "name": "pub_assoc",
      "provider": "provider[\"registry.terraform.io/hashicorp/aws\"]",
      "instances": [
        {
          "index_key": "a",
          "schema_version": 0,
          "attributes": {
            "gateway_id": "",
            "id": "rtbassoc-0a4306cb92d6eab57",
            "route_table_id": "rtb-02ff59561d2b4f345",
            "subnet_id": "subnet-0e7acdaf88857025b",
            "timeouts": null
          },
          "sensitive_attributes": [],
          "identity_schema_version": 0,
          "private": "eyJlMmJmYjczMC1lY2FhLTExZTYtOGY4OC0zNDM2M2JjN2M0YzAiOnsiY3JlYXRlIjozMDAwMDAwMDAwMDAsImRlbGV0ZSI6MzAwMDAwMDAwMDAwLCJ1cGRhdGUiOjEyMDAwMDAwMDAwMH19",
          "dependencies": [
            "aws_internet_gateway.igw",
            "aws_route_table.public",
            "aws_subnet.public",
            "aws_vpc.main",
            "data.aws_availability_zones.available"
          ]
        },
        {
          "index_key": "b",
          "schema_version": 0,
          "attributes": {
            "gateway_id": "",
            "id": "rtbassoc-0c5a4b55f48ef9a3b",
            "route_table_id": "rtb-02ff59561d2b4f345",
            "subnet_id": "subnet-047614e320c603676",
            "timeouts": null
          },
          "sensitive_attributes": [],
          "identity_schema_version": 0,
          "private": "eyJlMmJmYjczMC1lY2FhLTExZTYtOGY4OC0zNDM2M2JjN2M0YzAiOnsiY3JlYXRlIjozMDAwMDAwMDAwMDAsImRlbGV0ZSI6MzAwMDAwMDAwMDAwLCJ1cGRhdGUiOjEyMDAwMDAwMDAwMH19",
          "dependencies": [
            "aws_internet_gateway.igw",
            "aws_route_table.public",
            "aws_subnet.public",
            "aws_vpc.main",
            "data.aws_availability_zones.available"
          ]
        }
      ]
    },
    {
      "mode": "managed",
      "type": "aws_secretsmanager_secret",
      "name": "db",
      "provider": "provider[\"registry.terraform.io/hashicorp/aws\"]",
      "instances": [
        {
          "schema_version": 0,
          "attributes": {
            "arn": "arn:aws:secretsmanager:ap-southeast-1:292195077353:secret:apps-crud-bank-prod/db-s2uV2g",
            "description": "",
            "force_overwrite_replica_secret": false,
            "id": "arn:aws:secretsmanager:ap-southeast-1:292195077353:secret:apps-crud-bank-prod/db-s2uV2g",
            "kms_key_id": "",
            "name": "apps-crud-bank-prod/db",
            "name_prefix": "",
            "policy": "",
            "recovery_window_in_days": 30,
            "replica": [],
            "tags": {
              "Env": "prod",
              "Project": "apps-crud-bank"
            },
            "tags_all": {
              "Env": "prod",
              "Project": "apps-crud-bank"
            }
          },
          "sensitive_attributes": [],
          "identity_schema_version": 0,
          "private": "bnVsbA=="
        }
      ]
    },
    {
      "mode": "managed",
      "type": "aws_secretsmanager_secret_version",
      "name": "db",
      "provider": "provider[\"registry.terraform.io/hashicorp/aws\"]",
      "instances": [
        {
          "schema_version": 0,
          "attributes": {
            "arn": "arn:aws:secretsmanager:ap-southeast-1:292195077353:secret:apps-crud-bank-prod/db-s2uV2g",
            "has_secret_string_wo": null,
            "id": "arn:aws:secretsmanager:ap-southeast-1:292195077353:secret:apps-crud-bank-prod/db-s2uV2g|terraform-20250913062322551600000002",
            "secret_binary": "",
            "secret_id": "arn:aws:secretsmanager:ap-southeast-1:292195077353:secret:apps-crud-bank-prod/db-s2uV2g",
            "secret_string": "{\"password\":\"xL8Z$3ACTPm4A!8DtF?i\"}",
            "secret_string_wo": null,
            "secret_string_wo_version": null,
            "version_id": "terraform-20250913062322551600000002",
            "version_stages": [
              "AWSCURRENT"
            ]
          },
          "sensitive_attributes": [
            [
              {
                "type": "get_attr",
                "value": "secret_binary"
              }
            ],
            [
              {
                "type": "get_attr",
                "value": "secret_string"
              }
            ],
            [
              {
                "type": "get_attr",
                "value": "secret_string_wo"
              }
            ]
          ],
          "identity_schema_version": 0,
          "private": "bnVsbA==",
          "dependencies": [
            "aws_secretsmanager_secret.db",
            "random_password.db"
          ]
        }
      ]
    },
    {
      "mode": "managed",
      "type": "aws_security_group",
      "name": "rds_sg",
      "provider": "provider[\"registry.terraform.io/hashicorp/aws\"]",
      "instances": [
        {
          "schema_version": 1,
          "attributes": {
            "arn": "arn:aws:ec2:ap-southeast-1:292195077353:security-group/sg-03378b01d6644794a",
            "description": "Managed by Terraform",
            "egress": [
              {
                "cidr_blocks": [
                  "0.0.0.0/0"
                ],
                "description": "",
                "from_port": 0,
                "ipv6_cidr_blocks": [],
                "prefix_list_ids": [],
                "protocol": "-1",
                "security_groups": [],
                "self": false,
                "to_port": 0
              }
            ],
            "id": "sg-03378b01d6644794a",
            "ingress": [
              {
                "cidr_blocks": [],
                "description": "",
                "from_port": 5432,
                "ipv6_cidr_blocks": [],
                "prefix_list_ids": [],
                "protocol": "tcp",
                "security_groups": [
                  "sg-0bfcc0f235e0612c7"
                ],
                "self": false,
                "to_port": 5432
              }
            ],
            "name": "apps-crud-bank-prod-rds-sg",
            "name_prefix": "",
            "owner_id": "292195077353",
            "revoke_rules_on_delete": false,
            "tags": {
              "Env": "prod",
              "Name": "apps-crud-bank-prod-rds-sg",
              "Project": "apps-crud-bank"
            },
            "tags_all": {
              "Env": "prod",
              "Name": "apps-crud-bank-prod-rds-sg",
              "Project": "apps-crud-bank"
            },
            "timeouts": null,
            "vpc_id": "vpc-0271f9e41e7381c0d"
          },
          "sensitive_attributes": [],
          "identity_schema_version": 0,
          "private": "eyJlMmJmYjczMC1lY2FhLTExZTYtOGY4OC0zNDM2M2JjN2M0YzAiOnsiY3JlYXRlIjo2MDAwMDAwMDAwMDAsImRlbGV0ZSI6OTAwMDAwMDAwMDAwfSwic2NoZW1hX3ZlcnNpb24iOiIxIn0=",
          "dependencies": [
            "aws_vpc.main"
          ]
        }
      ]
    },
    {
      "mode": "managed",
      "type": "aws_security_group_rule",
      "name": "rds_from_cluster",
      "provider": "provider[\"registry.terraform.io/hashicorp/aws\"]",
      "instances": [
        {
          "schema_version": 2,
          "attributes": {
            "cidr_blocks": null,
            "description": null,
            "from_port": 5432,
            "id": "sgrule-1415500657",
            "ipv6_cidr_blocks": null,
            "prefix_list_ids": null,
            "protocol": "tcp",
            "security_group_id": "sg-03378b01d6644794a",
            "security_group_rule_id": "sgr-0bff8a28b4e32f2d2",
            "self": false,
            "source_security_group_id": "sg-0bfcc0f235e0612c7",
            "timeouts": null,
            "to_port": 5432,
            "type": "ingress"
          },
          "sensitive_attributes": [],
          "identity_schema_version": 0,
          "private": "eyJlMmJmYjczMC1lY2FhLTExZTYtOGY4OC0zNDM2M2JjN2M0YzAiOnsiY3JlYXRlIjozMDAwMDAwMDAwMDB9LCJzY2hlbWFfdmVyc2lvbiI6IjIifQ==",
          "dependencies": [
            "aws_eks_cluster.this",
            "aws_iam_role.eks_cluster_role",
            "aws_iam_role_policy_attachment.eks_cluster_AmazonEKSClusterPolicy",
            "aws_security_group.rds_sg",
            "aws_subnet.private",
            "aws_subnet.public",
            "aws_vpc.main",
            "data.aws_availability_zones.available"
          ]
        }
      ]
    },
    {
      "mode": "managed",
      "type": "aws_subnet",
      "name": "private",
      "provider": "provider[\"registry.terraform.io/hashicorp/aws\"]",
      "instances": [
        {
          "index_key": "a",
          "schema_version": 1,
          "attributes": {
            "arn": "arn:aws:ec2:ap-southeast-1:292195077353:subnet/subnet-0c27e973beb83e29d",
            "assign_ipv6_address_on_creation": false,
            "availability_zone": "ap-southeast-1a",
            "availability_zone_id": "apse1-az2",
            "cidr_block": "10.0.10.0/24",
            "customer_owned_ipv4_pool": "",
            "enable_dns64": false,
            "enable_lni_at_device_index": 0,
            "enable_resource_name_dns_a_record_on_launch": false,
            "enable_resource_name_dns_aaaa_record_on_launch": false,
            "id": "subnet-0c27e973beb83e29d",
            "ipv6_cidr_block": "",
            "ipv6_cidr_block_association_id": "",
            "ipv6_native": false,
            "map_customer_owned_ip_on_launch": false,
            "map_public_ip_on_launch": false,
            "outpost_arn": "",
            "owner_id": "292195077353",
            "private_dns_hostname_type_on_launch": "ip-name",
            "tags": {
              "Env": "prod",
              "Name": "apps-crud-bank-prod-private-a",
              "Project": "apps-crud-bank",
              "Tier": "private",
              "kubernetes.io/role/internal-elb": "1"
            },
            "tags_all": {
              "Env": "prod",
              "Name": "apps-crud-bank-prod-private-a",
              "Project": "apps-crud-bank",
              "Tier": "private",
              "kubernetes.io/role/internal-elb": "1"
            },
            "timeouts": null,
            "vpc_id": "vpc-0271f9e41e7381c0d"
          },
          "sensitive_attributes": [],
          "identity_schema_version": 0,
          "private": "eyJlMmJmYjczMC1lY2FhLTExZTYtOGY4OC0zNDM2M2JjN2M0YzAiOnsiY3JlYXRlIjo2MDAwMDAwMDAwMDAsImRlbGV0ZSI6MTIwMDAwMDAwMDAwMH0sInNjaGVtYV92ZXJzaW9uIjoiMSJ9",
          "dependencies": [
            "aws_vpc.main",
            "data.aws_availability_zones.available"
          ]
        },
        {
          "index_key": "b",
          "schema_version": 1,
          "attributes": {
            "arn": "arn:aws:ec2:ap-southeast-1:292195077353:subnet/subnet-0853c922f0fc1456f",
            "assign_ipv6_address_on_creation": false,
            "availability_zone": "ap-southeast-1b",
            "availability_zone_id": "apse1-az1",
            "cidr_block": "10.0.11.0/24",
            "customer_owned_ipv4_pool": "",
            "enable_dns64": false,
            "enable_lni_at_device_index": 0,
            "enable_resource_name_dns_a_record_on_launch": false,
            "enable_resource_name_dns_aaaa_record_on_launch": false,
            "id": "subnet-0853c922f0fc1456f",
            "ipv6_cidr_block": "",
            "ipv6_cidr_block_association_id": "",
            "ipv6_native": false,
            "map_customer_owned_ip_on_launch": false,
            "map_public_ip_on_launch": false,
            "outpost_arn": "",
            "owner_id": "292195077353",
            "private_dns_hostname_type_on_launch": "ip-name",
            "tags": {
              "Env": "prod",
              "Name": "apps-crud-bank-prod-private-b",
              "Project": "apps-crud-bank",
              "Tier": "private",
              "kubernetes.io/role/internal-elb": "1"
            },
            "tags_all": {
              "Env": "prod",
              "Name": "apps-crud-bank-prod-private-b",
              "Project": "apps-crud-bank",
              "Tier": "private",
              "kubernetes.io/role/internal-elb": "1"
            },
            "timeouts": null,
            "vpc_id": "vpc-0271f9e41e7381c0d"
          },
          "sensitive_attributes": [],
          "identity_schema_version": 0,
          "private": "eyJlMmJmYjczMC1lY2FhLTExZTYtOGY4OC0zNDM2M2JjN2M0YzAiOnsiY3JlYXRlIjo2MDAwMDAwMDAwMDAsImRlbGV0ZSI6MTIwMDAwMDAwMDAwMH0sInNjaGVtYV92ZXJzaW9uIjoiMSJ9",
          "dependencies": [
            "aws_vpc.main",
            "data.aws_availability_zones.available"
          ]
        }
      ]
    },
    {
      "mode": "managed",
      "type": "aws_subnet",
      "name": "public",
      "provider": "provider[\"registry.terraform.io/hashicorp/aws\"]",
      "instances": [
        {
          "index_key": "a",
          "schema_version": 1,
          "attributes": {
            "arn": "arn:aws:ec2:ap-southeast-1:292195077353:subnet/subnet-0e7acdaf88857025b",
            "assign_ipv6_address_on_creation": false,
            "availability_zone": "ap-southeast-1a",
            "availability_zone_id": "apse1-az2",
            "cidr_block": "10.0.1.0/24",
            "customer_owned_ipv4_pool": "",
            "enable_dns64": false,
            "enable_lni_at_device_index": 0,
            "enable_resource_name_dns_a_record_on_launch": false,
            "enable_resource_name_dns_aaaa_record_on_launch": false,
            "id": "subnet-0e7acdaf88857025b",
            "ipv6_cidr_block": "",
            "ipv6_cidr_block_association_id": "",
            "ipv6_native": false,
            "map_customer_owned_ip_on_launch": false,
            "map_public_ip_on_launch": true,
            "outpost_arn": "",
            "owner_id": "292195077353",
            "private_dns_hostname_type_on_launch": "ip-name",
            "tags": {
              "Env": "prod",
              "Name": "apps-crud-bank-prod-public-a",
              "Project": "apps-crud-bank",
              "Tier": "public",
              "kubernetes.io/role/elb": "1"
            },
            "tags_all": {
              "Env": "prod",
              "Name": "apps-crud-bank-prod-public-a",
              "Project": "apps-crud-bank",
              "Tier": "public",
              "kubernetes.io/role/elb": "1"
            },
            "timeouts": null,
            "vpc_id": "vpc-0271f9e41e7381c0d"
          },
          "sensitive_attributes": [],
          "identity_schema_version": 0,
          "private": "eyJlMmJmYjczMC1lY2FhLTExZTYtOGY4OC0zNDM2M2JjN2M0YzAiOnsiY3JlYXRlIjo2MDAwMDAwMDAwMDAsImRlbGV0ZSI6MTIwMDAwMDAwMDAwMH0sInNjaGVtYV92ZXJzaW9uIjoiMSJ9",
          "dependencies": [
            "aws_vpc.main",
            "data.aws_availability_zones.available"
          ]
        },
        {
          "index_key": "b",
          "schema_version": 1,
          "attributes": {
            "arn": "arn:aws:ec2:ap-southeast-1:292195077353:subnet/subnet-047614e320c603676",
            "assign_ipv6_address_on_creation": false,
            "availability_zone": "ap-southeast-1b",
            "availability_zone_id": "apse1-az1",
            "cidr_block": "10.0.2.0/24",
            "customer_owned_ipv4_pool": "",
            "enable_dns64": false,
            "enable_lni_at_device_index": 0,
            "enable_resource_name_dns_a_record_on_launch": false,
            "enable_resource_name_dns_aaaa_record_on_launch": false,
            "id": "subnet-047614e320c603676",
            "ipv6_cidr_block": "",
            "ipv6_cidr_block_association_id": "",
            "ipv6_native": false,
            "map_customer_owned_ip_on_launch": false,
            "map_public_ip_on_launch": true,
            "outpost_arn": "",
            "owner_id": "292195077353",
            "private_dns_hostname_type_on_launch": "ip-name",
            "tags": {
              "Env": "prod",
              "Name": "apps-crud-bank-prod-public-b",
              "Project": "apps-crud-bank",
              "Tier": "public",
              "kubernetes.io/role/elb": "1"
            },
            "tags_all": {
              "Env": "prod",
              "Name": "apps-crud-bank-prod-public-b",
              "Project": "apps-crud-bank",
              "Tier": "public",
              "kubernetes.io/role/elb": "1"
            },
            "timeouts": null,
            "vpc_id": "vpc-0271f9e41e7381c0d"
          },
          "sensitive_attributes": [],
          "identity_schema_version": 0,
          "private": "eyJlMmJmYjczMC1lY2FhLTExZTYtOGY4OC0zNDM2M2JjN2M0YzAiOnsiY3JlYXRlIjo2MDAwMDAwMDAwMDAsImRlbGV0ZSI6MTIwMDAwMDAwMDAwMH0sInNjaGVtYV92ZXJzaW9uIjoiMSJ9",
          "dependencies": [
            "aws_vpc.main",
            "data.aws_availability_zones.available"
          ]
        }
      ]
    },
    {
      "mode": "managed",
      "type": "aws_vpc",
      "name": "main",
      "provider": "provider[\"registry.terraform.io/hashicorp/aws\"]",
      "instances": [
        {
          "schema_version": 1,
          "attributes": {
            "arn": "arn:aws:ec2:ap-southeast-1:292195077353:vpc/vpc-0271f9e41e7381c0d",
            "assign_generated_ipv6_cidr_block": false,
            "cidr_block": "10.0.0.0/16",
            "default_network_acl_id": "acl-0f0158b842973d441",
            "default_route_table_id": "rtb-08bdcc6c6de75278f",
            "default_security_group_id": "sg-030b149e897c5ffaa",
            "dhcp_options_id": "dopt-03382e69b16df4b27",
            "enable_dns_hostnames": true,
            "enable_dns_support": true,
            "enable_network_address_usage_metrics": false,
            "id": "vpc-0271f9e41e7381c0d",
            "instance_tenancy": "default",
            "ipv4_ipam_pool_id": null,
            "ipv4_netmask_length": null,
            "ipv6_association_id": "",
            "ipv6_cidr_block": "",
            "ipv6_cidr_block_network_border_group": "",
            "ipv6_ipam_pool_id": "",
            "ipv6_netmask_length": 0,
            "main_route_table_id": "rtb-08bdcc6c6de75278f",
            "owner_id": "292195077353",
            "tags": {
              "Env": "prod",
              "Name": "apps-crud-bank-prod-vpc",
              "Project": "apps-crud-bank"
            },
            "tags_all": {
              "Env": "prod",
              "Name": "apps-crud-bank-prod-vpc",
              "Project": "apps-crud-bank"
            }
          },
          "sensitive_attributes": [],
          "identity_schema_version": 0,
          "private": "eyJzY2hlbWFfdmVyc2lvbiI6IjEifQ=="
        }
      ]
    },
    {
      "mode": "managed",
      "type": "random_password",
      "name": "db",
      "provider": "provider[\"registry.terraform.io/hashicorp/random\"]",
      "instances": [
        {
          "schema_version": 3,
          "attributes": {
            "bcrypt_hash": "$2a$10$JPJnMj.CQn61W.D0OkXQru8UY2c1vv0lfnqR/6PxLswIdZbVi4k4a",
            "id": "none",
            "keepers": null,
            "length": 20,
            "lower": true,
            "min_lower": 0,
            "min_numeric": 0,
            "min_special": 0,
            "min_upper": 0,
            "number": true,
            "numeric": true,
            "override_special": null,
            "result": "xL8Z$3ACTPm4A!8DtF?i",
            "special": true,
            "upper": true
          },
          "sensitive_attributes": [
            [
              {
                "type": "get_attr",
                "value": "bcrypt_hash"
              }
            ],
            [
              {
                "type": "get_attr",
                "value": "result"
              }
            ]
          ],
          "identity_schema_version": 0
        }
      ]
    }
  ],
  "check_results": null
}
